
Microsoft Visual Studio Solution File, Format Version 12.00
# Visual Studio 15
VisualStudioVersion = 15.0.26124.0
MinimumVisualStudioVersion = 15.0.26124.0
Project("{2150E333-8FDC-42A3-9474-1A3956D46DE8}") = "src", "src", "{B3CEC65E-18A0-4F18-8EB1-24C00A8EB2D0}"
EndProject
Project("{FAE04EC0-301F-11D3-BF4B-00C04F79EFBC}") = "GradeBook", "src\GradeBook\GradeBook.csproj", "{8297568B-ED94-4852-88B1-418737630616}"
EndProject
Project("{2150E333-8FDC-42A3-9474-1A3956D46DE8}") = "test", "test", "{5C0C8728-62B7-4343-9E30-9A1D09EB30F1}"
EndProject
Project("{FAE04EC0-301F-11D3-BF4B-00C04F79EFBC}") = "GradeBook.Tests", "test\GradeBook.Tests\GradeBook.Tests.csproj", "{F7175C33-2684-41CB-A852-5909A6DF0C05}"
EndProject
Global
	GlobalSection(SolutionConfigurationPlatforms) = preSolution
		Debug|Any CPU = Debug|Any CPU
		Debug|x64 = Debug|x64
		Debug|x86 = Debug|x86
		Release|Any CPU = Release|Any CPU
		Release|x64 = Release|x64
		Release|x86 = Release|x86
	EndGlobalSection
	GlobalSection(SolutionProperties) = preSolution
		HideSolutionNode = FALSE
	EndGlobalSection
	GlobalSection(ProjectConfigurationPlatforms) = postSolution
		{8297568B-ED94-4852-88B1-418737630616}.Debug|Any CPU.ActiveCfg = Debug|Any CPU
		{8297568B-ED94-4852-88B1-418737630616}.Debug|Any CPU.Build.0 = Debug|Any CPU
		{8297568B-ED94-4852-88B1-418737630616}.Debug|x64.ActiveCfg = Debug|Any CPU
		{8297568B-ED94-4852-88B1-418737630616}.Debug|x64.Build.0 = Debug|Any CPU
		{8297568B-ED94-4852-88B1-418737630616}.Debug|x86.ActiveCfg = Debug|Any CPU
		{8297568B-ED94-4852-88B1-418737630616}.Debug|x86.Build.0 = Debug|Any CPU
		{8297568B-ED94-4852-88B1-418737630616}.Release|Any CPU.ActiveCfg = Release|Any CPU
		{8297568B-ED94-4852-88B1-418737630616}.Release|Any CPU.Build.0 = Release|Any CPU
		{8297568B-ED94-4852-88B1-418737630616}.Release|x64.ActiveCfg = Release|Any CPU
		{8297568B-ED94-4852-88B1-418737630616}.Release|x64.Build.0 = Release|Any CPU
		{8297568B-ED94-4852-88B1-418737630616}.Release|x86.ActiveCfg = Release|Any CPU
		{8297568B-ED94-4852-88B1-418737630616}.Release|x86.Build.0 = Release|Any CPU
		{F7175C33-2684-41CB-A852-5909A6DF0C05}.Debug|Any CPU.ActiveCfg = Debug|Any CPU
		{F7175C33-2684-41CB-A852-5909A6DF0C05}.Debug|Any CPU.Build.0 = Debug|Any CPU
		{F7175C33-2684-41CB-A852-5909A6DF0C05}.Debug|x64.ActiveCfg = Debug|Any CPU
		{F7175C33-2684-41CB-A852-5909A6DF0C05}.Debug|x64.Build.0 = Debug|Any CPU
		{F7175C33-2684-41CB-A852-5909A6DF0C05}.Debug|x86.ActiveCfg = Debug|Any CPU
		{F7175C33-2684-41CB-A852-5909A6DF0C05}.Debug|x86.Build.0 = Debug|Any CPU
		{F7175C33-2684-41CB-A852-5909A6DF0C05}.Release|Any CPU.ActiveCfg = Release|Any CPU
		{F7175C33-2684-41CB-A852-5909A6DF0C05}.Release|Any CPU.Build.0 = Release|Any CPU
		{F7175C33-2684-41CB-A852-5909A6DF0C05}.Release|x64.ActiveCfg = Release|Any CPU
		{F7175C33-2684-41CB-A852-5909A6DF0C05}.Release|x64.Build.0 = Release|Any CPU
		{F7175C33-2684-41CB-A852-5909A6DF0C05}.Release|x86.ActiveCfg = Release|Any CPU
		{F7175C33-2684-41CB-A852-5909A6DF0C05}.Release|x86.Build.0 = Release|Any CPU
	EndGlobalSection
	GlobalSection(NestedProjects) = preSolution
		{8297568B-ED94-4852-88B1-418737630616} = {B3CEC65E-18A0-4F18-8EB1-24C00A8EB2D0}
		{F7175C33-2684-41CB-A852-5909A6DF0C05} = {5C0C8728-62B7-4343-9E30-9A1D09EB30F1}
	EndGlobalSection
EndGlobal
